
Microsoft Visual Studio Solution File, Format Version 12.00
Project("{FAE04EC0-301F-11D3-BF4B-00C04F79EFBC}") = "Kata1", "Kata1\Kata1.csproj", "{DEC19757-9D7E-42BE-B72D-EF07304C0717}"
EndProject
Project("{FAE04EC0-301F-11D3-BF4B-00C04F79EFBC}") = "Mini-Kata 1", "Mini-Kata 1\Mini-Kata 1.csproj", "{B99D7309-E41A-4BD8-A978-F00279EC78D1}"
EndProject
Global
	GlobalSection(SolutionConfigurationPlatforms) = preSolution
		Debug|Any CPU = Debug|Any CPU
		Release|Any CPU = Release|Any CPU
	EndGlobalSection
	GlobalSection(ProjectConfigurationPlatforms) = postSolution
		{DEC19757-9D7E-42BE-B72D-EF07304C0717}.Debug|Any CPU.ActiveCfg = Debug|Any CPU
		{DEC19757-9D7E-42BE-B72D-EF07304C0717}.Debug|Any CPU.Build.0 = Debug|Any CPU
		{DEC19757-9D7E-42BE-B72D-EF07304C0717}.Release|Any CPU.ActiveCfg = Release|Any CPU
		{DEC19757-9D7E-42BE-B72D-EF07304C0717}.Release|Any CPU.Build.0 = Release|Any CPU
		{B99D7309-E41A-4BD8-A978-F00279EC78D1}.Debug|Any CPU.ActiveCfg = Debug|Any CPU
		{B99D7309-E41A-4BD8-A978-F00279EC78D1}.Debug|Any CPU.Build.0 = Debug|Any CPU
		{B99D7309-E41A-4BD8-A978-F00279EC78D1}.Release|Any CPU.ActiveCfg = Release|Any CPU
		{B99D7309-E41A-4BD8-A978-F00279EC78D1}.Release|Any CPU.Build.0 = Release|Any CPU
	EndGlobalSection
EndGlobal
